
Microsoft Visual Studio Solution File, Format Version 12.00
# Visual Studio 15
VisualStudioVersion = 15.0.27130.2010
MinimumVisualStudioVersion = 10.0.40219.1
Project("{FAE04EC0-301F-11D3-BF4B-00C04F79EFBC}") = "ConsoleApp1", "ConsoleApp1.csproj", "{0472CF38-24AB-4C53-A18F-B3D1AD5B7C52}"
EndProject
Global
	GlobalSection(SolutionConfigurationPlatforms) = preSolution
		Debug|Any CPU = Debug|Any CPU
		Release|Any CPU = Release|Any CPU
	EndGlobalSection
	GlobalSection(ProjectConfigurationPlatforms) = postSolution
		{0472CF38-24AB-4C53-A18F-B3D1AD5B7C52}.Debug|Any CPU.ActiveCfg = Debug|Any CPU
		{0472CF38-24AB-4C53-A18F-B3D1AD5B7C52}.Debug|Any CPU.Build.0 = Debug|Any CPU
		{0472CF38-24AB-4C53-A18F-B3D1AD5B7C52}.Release|Any CPU.ActiveCfg = Release|Any CPU
		{0472CF38-24AB-4C53-A18F-B3D1AD5B7C52}.Release|Any CPU.Build.0 = Release|Any CPU
	EndGlobalSection
	GlobalSection(SolutionProperties) = preSolution
		HideSolutionNode = FALSE
	EndGlobalSection
	GlobalSection(ExtensibilityGlobals) = postSolution
		SolutionGuid = {33AAB013-0275-41AC-8836-B1548B8EE534}
	EndGlobalSection
EndGlobal
