
Microsoft Visual Studio Solution File, Format Version 12.00
# Visual Studio 15
VisualStudioVersion = 15.0.27130.2010
MinimumVisualStudioVersion = 10.0.40219.1
Project("{FAE04EC0-301F-11D3-BF4B-00C04F79EFBC}") = "JoinLab", "JoinLab\JoinLab.csproj", "{71853207-1600-4720-9B23-8709FF82CC2D}"
EndProject
Project("{FAE04EC0-301F-11D3-BF4B-00C04F79EFBC}") = "GroupBy", "GroupBy\GroupBy.csproj", "{5673301B-B708-438E-9B69-15E383778F5B}"
EndProject
Global
	GlobalSection(SolutionConfigurationPlatforms) = preSolution
		Debug|Any CPU = Debug|Any CPU
		Release|Any CPU = Release|Any CPU
	EndGlobalSection
	GlobalSection(ProjectConfigurationPlatforms) = postSolution
		{71853207-1600-4720-9B23-8709FF82CC2D}.Debug|Any CPU.ActiveCfg = Debug|Any CPU
		{71853207-1600-4720-9B23-8709FF82CC2D}.Debug|Any CPU.Build.0 = Debug|Any CPU
		{71853207-1600-4720-9B23-8709FF82CC2D}.Release|Any CPU.ActiveCfg = Release|Any CPU
		{71853207-1600-4720-9B23-8709FF82CC2D}.Release|Any CPU.Build.0 = Release|Any CPU
		{5673301B-B708-438E-9B69-15E383778F5B}.Debug|Any CPU.ActiveCfg = Debug|Any CPU
		{5673301B-B708-438E-9B69-15E383778F5B}.Debug|Any CPU.Build.0 = Debug|Any CPU
		{5673301B-B708-438E-9B69-15E383778F5B}.Release|Any CPU.ActiveCfg = Release|Any CPU
		{5673301B-B708-438E-9B69-15E383778F5B}.Release|Any CPU.Build.0 = Release|Any CPU
	EndGlobalSection
	GlobalSection(SolutionProperties) = preSolution
		HideSolutionNode = FALSE
	EndGlobalSection
	GlobalSection(ExtensibilityGlobals) = postSolution
		SolutionGuid = {BE5CF0A5-C5D8-4DA6-930D-EBF644B83A2D}
	EndGlobalSection
EndGlobal
