
Microsoft Visual Studio Solution File, Format Version 12.00
# Visual Studio 15
VisualStudioVersion = 15.0.27130.2010
MinimumVisualStudioVersion = 10.0.40219.1
Project("{FAE04EC0-301F-11D3-BF4B-00C04F79EFBC}") = "TaskContinuation", "TaskContinuation\TaskContinuation.csproj", "{208BCDD5-FBD3-4E73-810D-4BCFD4FF324A}"
EndProject
Global
	GlobalSection(SolutionConfigurationPlatforms) = preSolution
		Debug|Any CPU = Debug|Any CPU
		Release|Any CPU = Release|Any CPU
	EndGlobalSection
	GlobalSection(ProjectConfigurationPlatforms) = postSolution
		{208BCDD5-FBD3-4E73-810D-4BCFD4FF324A}.Debug|Any CPU.ActiveCfg = Debug|Any CPU
		{208BCDD5-FBD3-4E73-810D-4BCFD4FF324A}.Debug|Any CPU.Build.0 = Debug|Any CPU
		{208BCDD5-FBD3-4E73-810D-4BCFD4FF324A}.Release|Any CPU.ActiveCfg = Release|Any CPU
		{208BCDD5-FBD3-4E73-810D-4BCFD4FF324A}.Release|Any CPU.Build.0 = Release|Any CPU
	EndGlobalSection
	GlobalSection(SolutionProperties) = preSolution
		HideSolutionNode = FALSE
	EndGlobalSection
	GlobalSection(ExtensibilityGlobals) = postSolution
		SolutionGuid = {B875A096-812F-4764-B2C3-99F2ABE3EF0F}
	EndGlobalSection
EndGlobal
