
Microsoft Visual Studio Solution File, Format Version 12.00
# Visual Studio 15
VisualStudioVersion = 15.0.27130.2010
MinimumVisualStudioVersion = 10.0.40219.1
Project("{FAE04EC0-301F-11D3-BF4B-00C04F79EFBC}") = "PLINQPerformance", "PLINQPerformance\PLINQPerformance.csproj", "{9241423F-363B-4899-AC42-C4BB8F4311EB}"
EndProject
Global
	GlobalSection(SolutionConfigurationPlatforms) = preSolution
		Debug|Any CPU = Debug|Any CPU
		Release|Any CPU = Release|Any CPU
	EndGlobalSection
	GlobalSection(ProjectConfigurationPlatforms) = postSolution
		{9241423F-363B-4899-AC42-C4BB8F4311EB}.Debug|Any CPU.ActiveCfg = Debug|Any CPU
		{9241423F-363B-4899-AC42-C4BB8F4311EB}.Debug|Any CPU.Build.0 = Debug|Any CPU
		{9241423F-363B-4899-AC42-C4BB8F4311EB}.Release|Any CPU.ActiveCfg = Release|Any CPU
		{9241423F-363B-4899-AC42-C4BB8F4311EB}.Release|Any CPU.Build.0 = Release|Any CPU
	EndGlobalSection
	GlobalSection(SolutionProperties) = preSolution
		HideSolutionNode = FALSE
	EndGlobalSection
	GlobalSection(ExtensibilityGlobals) = postSolution
		SolutionGuid = {A204F41E-2F9E-4153-ACF5-73CD35822655}
	EndGlobalSection
EndGlobal
