
Microsoft Visual Studio Solution File, Format Version 12.00
# Visual Studio 15
VisualStudioVersion = 15.0.27130.2010
MinimumVisualStudioVersion = 10.0.40219.1
Project("{FAE04EC0-301F-11D3-BF4B-00C04F79EFBC}") = "ReadWriteLockSlimLab", "ReadWriteLockSlimLab\ReadWriteLockSlimLab.csproj", "{DCD5C6D5-4D4B-4343-A221-13FA55C23845}"
EndProject
Global
	GlobalSection(SolutionConfigurationPlatforms) = preSolution
		Debug|Any CPU = Debug|Any CPU
		Release|Any CPU = Release|Any CPU
	EndGlobalSection
	GlobalSection(ProjectConfigurationPlatforms) = postSolution
		{DCD5C6D5-4D4B-4343-A221-13FA55C23845}.Debug|Any CPU.ActiveCfg = Debug|Any CPU
		{DCD5C6D5-4D4B-4343-A221-13FA55C23845}.Debug|Any CPU.Build.0 = Debug|Any CPU
		{DCD5C6D5-4D4B-4343-A221-13FA55C23845}.Release|Any CPU.ActiveCfg = Release|Any CPU
		{DCD5C6D5-4D4B-4343-A221-13FA55C23845}.Release|Any CPU.Build.0 = Release|Any CPU
	EndGlobalSection
	GlobalSection(SolutionProperties) = preSolution
		HideSolutionNode = FALSE
	EndGlobalSection
	GlobalSection(ExtensibilityGlobals) = postSolution
		SolutionGuid = {DA9193EA-7FF1-4FA0-9908-10C0ABA1A411}
	EndGlobalSection
EndGlobal
