
Microsoft Visual Studio Solution File, Format Version 12.00
# Visual Studio 15
VisualStudioVersion = 15.0.27130.2010
MinimumVisualStudioVersion = 10.0.40219.1
Project("{FAE04EC0-301F-11D3-BF4B-00C04F79EFBC}") = "Awaitable", "Awaitable\Awaitable.csproj", "{EB90034E-D672-4B2B-B192-AFA6A884F9D1}"
EndProject
Global
	GlobalSection(SolutionConfigurationPlatforms) = preSolution
		Debug|Any CPU = Debug|Any CPU
		Release|Any CPU = Release|Any CPU
	EndGlobalSection
	GlobalSection(ProjectConfigurationPlatforms) = postSolution
		{EB90034E-D672-4B2B-B192-AFA6A884F9D1}.Debug|Any CPU.ActiveCfg = Debug|Any CPU
		{EB90034E-D672-4B2B-B192-AFA6A884F9D1}.Debug|Any CPU.Build.0 = Debug|Any CPU
		{EB90034E-D672-4B2B-B192-AFA6A884F9D1}.Release|Any CPU.ActiveCfg = Release|Any CPU
		{EB90034E-D672-4B2B-B192-AFA6A884F9D1}.Release|Any CPU.Build.0 = Release|Any CPU
	EndGlobalSection
	GlobalSection(SolutionProperties) = preSolution
		HideSolutionNode = FALSE
	EndGlobalSection
	GlobalSection(ExtensibilityGlobals) = postSolution
		SolutionGuid = {92573696-E039-4F1F-B825-A156A6646F6E}
	EndGlobalSection
EndGlobal
