
Microsoft Visual Studio Solution File, Format Version 12.00
# Visual Studio 15
VisualStudioVersion = 15.0.27130.2010
MinimumVisualStudioVersion = 10.0.40219.1
Project("{FAE04EC0-301F-11D3-BF4B-00C04F79EFBC}") = "ThreadAsyncCancellation", "ThreadAsyncCancellation\ThreadAsyncCancellation.csproj", "{C3D6E3C9-D74B-4E95-A590-7D2D91B96A10}"
EndProject
Global
	GlobalSection(SolutionConfigurationPlatforms) = preSolution
		Debug|Any CPU = Debug|Any CPU
		Release|Any CPU = Release|Any CPU
	EndGlobalSection
	GlobalSection(ProjectConfigurationPlatforms) = postSolution
		{C3D6E3C9-D74B-4E95-A590-7D2D91B96A10}.Debug|Any CPU.ActiveCfg = Debug|Any CPU
		{C3D6E3C9-D74B-4E95-A590-7D2D91B96A10}.Debug|Any CPU.Build.0 = Debug|Any CPU
		{C3D6E3C9-D74B-4E95-A590-7D2D91B96A10}.Release|Any CPU.ActiveCfg = Release|Any CPU
		{C3D6E3C9-D74B-4E95-A590-7D2D91B96A10}.Release|Any CPU.Build.0 = Release|Any CPU
	EndGlobalSection
	GlobalSection(SolutionProperties) = preSolution
		HideSolutionNode = FALSE
	EndGlobalSection
	GlobalSection(ExtensibilityGlobals) = postSolution
		SolutionGuid = {FEADBB67-9BD2-4CDE-B4F5-8C9F826488D6}
	EndGlobalSection
EndGlobal
