
Microsoft Visual Studio Solution File, Format Version 12.00
# Visual Studio 15
VisualStudioVersion = 15.0.27130.2010
MinimumVisualStudioVersion = 10.0.40219.1
Project("{FAE04EC0-301F-11D3-BF4B-00C04F79EFBC}") = "PatternMatching", "PatternMatching\PatternMatching.csproj", "{E3D327A2-1077-4948-A815-9645106AFE9D}"
EndProject
Global
	GlobalSection(SolutionConfigurationPlatforms) = preSolution
		Debug|Any CPU = Debug|Any CPU
		Release|Any CPU = Release|Any CPU
	EndGlobalSection
	GlobalSection(ProjectConfigurationPlatforms) = postSolution
		{E3D327A2-1077-4948-A815-9645106AFE9D}.Debug|Any CPU.ActiveCfg = Debug|Any CPU
		{E3D327A2-1077-4948-A815-9645106AFE9D}.Debug|Any CPU.Build.0 = Debug|Any CPU
		{E3D327A2-1077-4948-A815-9645106AFE9D}.Release|Any CPU.ActiveCfg = Release|Any CPU
		{E3D327A2-1077-4948-A815-9645106AFE9D}.Release|Any CPU.Build.0 = Release|Any CPU
	EndGlobalSection
	GlobalSection(SolutionProperties) = preSolution
		HideSolutionNode = FALSE
	EndGlobalSection
	GlobalSection(ExtensibilityGlobals) = postSolution
		SolutionGuid = {9C2546D6-C33A-407D-85CC-8F03ABA6088D}
	EndGlobalSection
EndGlobal
