
Microsoft Visual Studio Solution File, Format Version 12.00
# Visual Studio 15
VisualStudioVersion = 15.0.27130.2010
MinimumVisualStudioVersion = 10.0.40219.1
Project("{FAE04EC0-301F-11D3-BF4B-00C04F79EFBC}") = "Locality", "Locality\Locality.csproj", "{DD452878-A5EB-4784-AA91-E2453E8EEBAF}"
EndProject
Global
	GlobalSection(SolutionConfigurationPlatforms) = preSolution
		Debug|Any CPU = Debug|Any CPU
		Release|Any CPU = Release|Any CPU
	EndGlobalSection
	GlobalSection(ProjectConfigurationPlatforms) = postSolution
		{DD452878-A5EB-4784-AA91-E2453E8EEBAF}.Debug|Any CPU.ActiveCfg = Debug|Any CPU
		{DD452878-A5EB-4784-AA91-E2453E8EEBAF}.Debug|Any CPU.Build.0 = Debug|Any CPU
		{DD452878-A5EB-4784-AA91-E2453E8EEBAF}.Release|Any CPU.ActiveCfg = Release|Any CPU
		{DD452878-A5EB-4784-AA91-E2453E8EEBAF}.Release|Any CPU.Build.0 = Release|Any CPU
	EndGlobalSection
	GlobalSection(SolutionProperties) = preSolution
		HideSolutionNode = FALSE
	EndGlobalSection
	GlobalSection(ExtensibilityGlobals) = postSolution
		SolutionGuid = {053D97B2-AF9D-4B87-AA9B-77C96FC97348}
	EndGlobalSection
EndGlobal
