
Microsoft Visual Studio Solution File, Format Version 12.00
# Visual Studio 15
VisualStudioVersion = 15.0.27130.2010
MinimumVisualStudioVersion = 10.0.40219.1
Project("{FAE04EC0-301F-11D3-BF4B-00C04F79EFBC}") = "TaskCancel3", "TaskCancel3\TaskCancel3.csproj", "{D81C4978-139D-476B-9073-3995C23550B0}"
EndProject
Global
	GlobalSection(SolutionConfigurationPlatforms) = preSolution
		Debug|Any CPU = Debug|Any CPU
		Release|Any CPU = Release|Any CPU
	EndGlobalSection
	GlobalSection(ProjectConfigurationPlatforms) = postSolution
		{D81C4978-139D-476B-9073-3995C23550B0}.Debug|Any CPU.ActiveCfg = Debug|Any CPU
		{D81C4978-139D-476B-9073-3995C23550B0}.Debug|Any CPU.Build.0 = Debug|Any CPU
		{D81C4978-139D-476B-9073-3995C23550B0}.Release|Any CPU.ActiveCfg = Release|Any CPU
		{D81C4978-139D-476B-9073-3995C23550B0}.Release|Any CPU.Build.0 = Release|Any CPU
	EndGlobalSection
	GlobalSection(SolutionProperties) = preSolution
		HideSolutionNode = FALSE
	EndGlobalSection
	GlobalSection(ExtensibilityGlobals) = postSolution
		SolutionGuid = {16F29704-8285-4C0F-9641-DC66DA2B8F04}
	EndGlobalSection
EndGlobal
