
Microsoft Visual Studio Solution File, Format Version 12.00
# Visual Studio 15
VisualStudioVersion = 15.0.27130.2010
MinimumVisualStudioVersion = 10.0.40219.1
Project("{FAE04EC0-301F-11D3-BF4B-00C04F79EFBC}") = "GCStrategy", "GCStrategy\GCStrategy.csproj", "{2ADF210F-028D-4FFD-8A18-0D2AB1B7A05B}"
EndProject
Global
	GlobalSection(SolutionConfigurationPlatforms) = preSolution
		Debug|Any CPU = Debug|Any CPU
		Release|Any CPU = Release|Any CPU
	EndGlobalSection
	GlobalSection(ProjectConfigurationPlatforms) = postSolution
		{2ADF210F-028D-4FFD-8A18-0D2AB1B7A05B}.Debug|Any CPU.ActiveCfg = Debug|Any CPU
		{2ADF210F-028D-4FFD-8A18-0D2AB1B7A05B}.Debug|Any CPU.Build.0 = Debug|Any CPU
		{2ADF210F-028D-4FFD-8A18-0D2AB1B7A05B}.Release|Any CPU.ActiveCfg = Release|Any CPU
		{2ADF210F-028D-4FFD-8A18-0D2AB1B7A05B}.Release|Any CPU.Build.0 = Release|Any CPU
	EndGlobalSection
	GlobalSection(SolutionProperties) = preSolution
		HideSolutionNode = FALSE
	EndGlobalSection
	GlobalSection(ExtensibilityGlobals) = postSolution
		SolutionGuid = {12232E53-38A9-435E-BCFB-D8456FA96CA6}
	EndGlobalSection
EndGlobal
