
Microsoft Visual Studio Solution File, Format Version 12.00
# Visual Studio 15
VisualStudioVersion = 15.0.27130.2010
MinimumVisualStudioVersion = 10.0.40219.1
Project("{FAE04EC0-301F-11D3-BF4B-00C04F79EFBC}") = "ConstructorLab", "ConstructorLab\ConstructorLab.csproj", "{1D75E7C2-99BC-4A05-9F93-AFA1C780194D}"
EndProject
Global
	GlobalSection(SolutionConfigurationPlatforms) = preSolution
		Debug|Any CPU = Debug|Any CPU
		Release|Any CPU = Release|Any CPU
	EndGlobalSection
	GlobalSection(ProjectConfigurationPlatforms) = postSolution
		{1D75E7C2-99BC-4A05-9F93-AFA1C780194D}.Debug|Any CPU.ActiveCfg = Debug|Any CPU
		{1D75E7C2-99BC-4A05-9F93-AFA1C780194D}.Debug|Any CPU.Build.0 = Debug|Any CPU
		{1D75E7C2-99BC-4A05-9F93-AFA1C780194D}.Release|Any CPU.ActiveCfg = Release|Any CPU
		{1D75E7C2-99BC-4A05-9F93-AFA1C780194D}.Release|Any CPU.Build.0 = Release|Any CPU
	EndGlobalSection
	GlobalSection(SolutionProperties) = preSolution
		HideSolutionNode = FALSE
	EndGlobalSection
	GlobalSection(ExtensibilityGlobals) = postSolution
		SolutionGuid = {EFCD1516-0C1E-40D5-A249-257C5211B16C}
	EndGlobalSection
EndGlobal
