
Microsoft Visual Studio Solution File, Format Version 12.00
# Visual Studio 15
VisualStudioVersion = 15.0.27130.2010
MinimumVisualStudioVersion = 10.0.40219.1
Project("{FAE04EC0-301F-11D3-BF4B-00C04F79EFBC}") = "DynamicLab", "DynamicLab\DynamicLab.csproj", "{0B6AE3E6-9C3E-4F79-B721-63A83A8CABF9}"
EndProject
Project("{FAE04EC0-301F-11D3-BF4B-00C04F79EFBC}") = "DynamicDemo", "DynamicDemo\DynamicDemo.csproj", "{B1FB01A4-C8BD-4AA0-B665-95C64FBB1758}"
EndProject
Project("{FAE04EC0-301F-11D3-BF4B-00C04F79EFBC}") = "DynamicGeneric", "DynamicGeneric\DynamicGeneric.csproj", "{D77AE81F-F927-484C-8160-077F77DC4D9A}"
EndProject
Global
	GlobalSection(SolutionConfigurationPlatforms) = preSolution
		Debug|Any CPU = Debug|Any CPU
		Release|Any CPU = Release|Any CPU
	EndGlobalSection
	GlobalSection(ProjectConfigurationPlatforms) = postSolution
		{0B6AE3E6-9C3E-4F79-B721-63A83A8CABF9}.Debug|Any CPU.ActiveCfg = Debug|Any CPU
		{0B6AE3E6-9C3E-4F79-B721-63A83A8CABF9}.Debug|Any CPU.Build.0 = Debug|Any CPU
		{0B6AE3E6-9C3E-4F79-B721-63A83A8CABF9}.Release|Any CPU.ActiveCfg = Release|Any CPU
		{0B6AE3E6-9C3E-4F79-B721-63A83A8CABF9}.Release|Any CPU.Build.0 = Release|Any CPU
		{B1FB01A4-C8BD-4AA0-B665-95C64FBB1758}.Debug|Any CPU.ActiveCfg = Debug|Any CPU
		{B1FB01A4-C8BD-4AA0-B665-95C64FBB1758}.Debug|Any CPU.Build.0 = Debug|Any CPU
		{B1FB01A4-C8BD-4AA0-B665-95C64FBB1758}.Release|Any CPU.ActiveCfg = Release|Any CPU
		{B1FB01A4-C8BD-4AA0-B665-95C64FBB1758}.Release|Any CPU.Build.0 = Release|Any CPU
		{D77AE81F-F927-484C-8160-077F77DC4D9A}.Debug|Any CPU.ActiveCfg = Debug|Any CPU
		{D77AE81F-F927-484C-8160-077F77DC4D9A}.Debug|Any CPU.Build.0 = Debug|Any CPU
		{D77AE81F-F927-484C-8160-077F77DC4D9A}.Release|Any CPU.ActiveCfg = Release|Any CPU
		{D77AE81F-F927-484C-8160-077F77DC4D9A}.Release|Any CPU.Build.0 = Release|Any CPU
	EndGlobalSection
	GlobalSection(SolutionProperties) = preSolution
		HideSolutionNode = FALSE
	EndGlobalSection
	GlobalSection(ExtensibilityGlobals) = postSolution
		SolutionGuid = {42EF438E-EB28-47E6-A2DC-5A840D5DA06C}
	EndGlobalSection
EndGlobal
