
Microsoft Visual Studio Solution File, Format Version 12.00
# Visual Studio 15
VisualStudioVersion = 15.0.27130.2010
MinimumVisualStudioVersion = 10.0.40219.1
Project("{FAE04EC0-301F-11D3-BF4B-00C04F79EFBC}") = "AutoResetEvent2", "AutoResetEvent2\AutoResetEvent2.csproj", "{2D9E9D39-909E-4085-A811-67CD29B924A8}"
EndProject
Global
	GlobalSection(SolutionConfigurationPlatforms) = preSolution
		Debug|Any CPU = Debug|Any CPU
		Release|Any CPU = Release|Any CPU
	EndGlobalSection
	GlobalSection(ProjectConfigurationPlatforms) = postSolution
		{2D9E9D39-909E-4085-A811-67CD29B924A8}.Debug|Any CPU.ActiveCfg = Debug|Any CPU
		{2D9E9D39-909E-4085-A811-67CD29B924A8}.Debug|Any CPU.Build.0 = Debug|Any CPU
		{2D9E9D39-909E-4085-A811-67CD29B924A8}.Release|Any CPU.ActiveCfg = Release|Any CPU
		{2D9E9D39-909E-4085-A811-67CD29B924A8}.Release|Any CPU.Build.0 = Release|Any CPU
	EndGlobalSection
	GlobalSection(SolutionProperties) = preSolution
		HideSolutionNode = FALSE
	EndGlobalSection
	GlobalSection(ExtensibilityGlobals) = postSolution
		SolutionGuid = {3A8CDD39-2B6A-4CD9-A7F1-2DCD14BFEFFD}
	EndGlobalSection
EndGlobal
