
Microsoft Visual Studio Solution File, Format Version 12.00
# Visual Studio 15
VisualStudioVersion = 15.0.27130.2010
MinimumVisualStudioVersion = 10.0.40219.1
Project("{FAE04EC0-301F-11D3-BF4B-00C04F79EFBC}") = "BlockingCollectionLab", "BlockingCollectionLab\BlockingCollectionLab.csproj", "{4BB5264E-612F-4520-89CF-F1B0E9EEE140}"
EndProject
Global
	GlobalSection(SolutionConfigurationPlatforms) = preSolution
		Debug|Any CPU = Debug|Any CPU
		Release|Any CPU = Release|Any CPU
	EndGlobalSection
	GlobalSection(ProjectConfigurationPlatforms) = postSolution
		{4BB5264E-612F-4520-89CF-F1B0E9EEE140}.Debug|Any CPU.ActiveCfg = Debug|Any CPU
		{4BB5264E-612F-4520-89CF-F1B0E9EEE140}.Debug|Any CPU.Build.0 = Debug|Any CPU
		{4BB5264E-612F-4520-89CF-F1B0E9EEE140}.Release|Any CPU.ActiveCfg = Release|Any CPU
		{4BB5264E-612F-4520-89CF-F1B0E9EEE140}.Release|Any CPU.Build.0 = Release|Any CPU
	EndGlobalSection
	GlobalSection(SolutionProperties) = preSolution
		HideSolutionNode = FALSE
	EndGlobalSection
	GlobalSection(ExtensibilityGlobals) = postSolution
		SolutionGuid = {65FA8F87-8FFB-4C3A-9A8B-51C061D8BBB6}
	EndGlobalSection
EndGlobal
