
Microsoft Visual Studio Solution File, Format Version 12.00
# Visual Studio 15
VisualStudioVersion = 15.0.27130.2010
MinimumVisualStudioVersion = 10.0.40219.1
Project("{FAE04EC0-301F-11D3-BF4B-00C04F79EFBC}") = "StoreBufferExample", "StoreBufferExample\StoreBufferExample.csproj", "{A24E07BE-FD95-4FA6-9E09-B2DFEA125AFF}"
EndProject
Global
	GlobalSection(SolutionConfigurationPlatforms) = preSolution
		Debug|Any CPU = Debug|Any CPU
		Debug|x64 = Debug|x64
		Release|Any CPU = Release|Any CPU
		Release|x64 = Release|x64
	EndGlobalSection
	GlobalSection(ProjectConfigurationPlatforms) = postSolution
		{A24E07BE-FD95-4FA6-9E09-B2DFEA125AFF}.Debug|Any CPU.ActiveCfg = Debug|Any CPU
		{A24E07BE-FD95-4FA6-9E09-B2DFEA125AFF}.Debug|Any CPU.Build.0 = Debug|Any CPU
		{A24E07BE-FD95-4FA6-9E09-B2DFEA125AFF}.Debug|x64.ActiveCfg = Debug|x64
		{A24E07BE-FD95-4FA6-9E09-B2DFEA125AFF}.Debug|x64.Build.0 = Debug|x64
		{A24E07BE-FD95-4FA6-9E09-B2DFEA125AFF}.Release|Any CPU.ActiveCfg = Release|Any CPU
		{A24E07BE-FD95-4FA6-9E09-B2DFEA125AFF}.Release|Any CPU.Build.0 = Release|Any CPU
		{A24E07BE-FD95-4FA6-9E09-B2DFEA125AFF}.Release|x64.ActiveCfg = Release|x64
		{A24E07BE-FD95-4FA6-9E09-B2DFEA125AFF}.Release|x64.Build.0 = Release|x64
	EndGlobalSection
	GlobalSection(SolutionProperties) = preSolution
		HideSolutionNode = FALSE
	EndGlobalSection
	GlobalSection(ExtensibilityGlobals) = postSolution
		SolutionGuid = {FB47919C-CEA0-45D8-BC3A-413082D19417}
	EndGlobalSection
EndGlobal
