
Microsoft Visual Studio Solution File, Format Version 12.00
# Visual Studio 15
VisualStudioVersion = 15.0.27130.2010
MinimumVisualStudioVersion = 10.0.40219.1
Project("{FAE04EC0-301F-11D3-BF4B-00C04F79EFBC}") = "InterfaceDispatch", "InterfaceDispatch\InterfaceDispatch.csproj", "{5B3A4B03-84CB-46FD-AD0C-C11D4E00D5D6}"
EndProject
Global
	GlobalSection(SolutionConfigurationPlatforms) = preSolution
		Debug|Any CPU = Debug|Any CPU
		Debug|x64 = Debug|x64
		Release|Any CPU = Release|Any CPU
		Release|x64 = Release|x64
	EndGlobalSection
	GlobalSection(ProjectConfigurationPlatforms) = postSolution
		{5B3A4B03-84CB-46FD-AD0C-C11D4E00D5D6}.Debug|Any CPU.ActiveCfg = Debug|Any CPU
		{5B3A4B03-84CB-46FD-AD0C-C11D4E00D5D6}.Debug|Any CPU.Build.0 = Debug|Any CPU
		{5B3A4B03-84CB-46FD-AD0C-C11D4E00D5D6}.Debug|x64.ActiveCfg = Debug|x64
		{5B3A4B03-84CB-46FD-AD0C-C11D4E00D5D6}.Debug|x64.Build.0 = Debug|x64
		{5B3A4B03-84CB-46FD-AD0C-C11D4E00D5D6}.Release|Any CPU.ActiveCfg = Release|Any CPU
		{5B3A4B03-84CB-46FD-AD0C-C11D4E00D5D6}.Release|Any CPU.Build.0 = Release|Any CPU
		{5B3A4B03-84CB-46FD-AD0C-C11D4E00D5D6}.Release|x64.ActiveCfg = Release|x64
		{5B3A4B03-84CB-46FD-AD0C-C11D4E00D5D6}.Release|x64.Build.0 = Release|x64
	EndGlobalSection
	GlobalSection(SolutionProperties) = preSolution
		HideSolutionNode = FALSE
	EndGlobalSection
	GlobalSection(ExtensibilityGlobals) = postSolution
		SolutionGuid = {FADA0261-87CB-4134-8DBB-9B9E40F08C72}
	EndGlobalSection
EndGlobal
