
Microsoft Visual Studio Solution File, Format Version 12.00
# Visual Studio 15
VisualStudioVersion = 15.0.27130.2010
MinimumVisualStudioVersion = 10.0.40219.1
Project("{FAE04EC0-301F-11D3-BF4B-00C04F79EFBC}") = "HybridModeConstructs", "HybridModeConstructs\HybridModeConstructs.csproj", "{1B7E321E-96E5-46A3-9E6C-9B3CDD33F341}"
EndProject
Global
	GlobalSection(SolutionConfigurationPlatforms) = preSolution
		Debug|Any CPU = Debug|Any CPU
		Release|Any CPU = Release|Any CPU
	EndGlobalSection
	GlobalSection(ProjectConfigurationPlatforms) = postSolution
		{1B7E321E-96E5-46A3-9E6C-9B3CDD33F341}.Debug|Any CPU.ActiveCfg = Debug|Any CPU
		{1B7E321E-96E5-46A3-9E6C-9B3CDD33F341}.Debug|Any CPU.Build.0 = Debug|Any CPU
		{1B7E321E-96E5-46A3-9E6C-9B3CDD33F341}.Release|Any CPU.ActiveCfg = Release|Any CPU
		{1B7E321E-96E5-46A3-9E6C-9B3CDD33F341}.Release|Any CPU.Build.0 = Release|Any CPU
	EndGlobalSection
	GlobalSection(SolutionProperties) = preSolution
		HideSolutionNode = FALSE
	EndGlobalSection
	GlobalSection(ExtensibilityGlobals) = postSolution
		SolutionGuid = {967BB9C9-FF0C-433C-8D9B-9A608D82A2DD}
	EndGlobalSection
EndGlobal
