
Microsoft Visual Studio Solution File, Format Version 12.00
# Visual Studio 15
VisualStudioVersion = 15.0.27130.2010
MinimumVisualStudioVersion = 10.0.40219.1
Project("{FAE04EC0-301F-11D3-BF4B-00C04F79EFBC}") = "TaskException1", "TaskException1\TaskException1.csproj", "{94164C9C-5F7D-409B-B575-00917D1360F5}"
EndProject
Global
	GlobalSection(SolutionConfigurationPlatforms) = preSolution
		Debug|Any CPU = Debug|Any CPU
		Release|Any CPU = Release|Any CPU
	EndGlobalSection
	GlobalSection(ProjectConfigurationPlatforms) = postSolution
		{94164C9C-5F7D-409B-B575-00917D1360F5}.Debug|Any CPU.ActiveCfg = Debug|Any CPU
		{94164C9C-5F7D-409B-B575-00917D1360F5}.Debug|Any CPU.Build.0 = Debug|Any CPU
		{94164C9C-5F7D-409B-B575-00917D1360F5}.Release|Any CPU.ActiveCfg = Release|Any CPU
		{94164C9C-5F7D-409B-B575-00917D1360F5}.Release|Any CPU.Build.0 = Release|Any CPU
	EndGlobalSection
	GlobalSection(SolutionProperties) = preSolution
		HideSolutionNode = FALSE
	EndGlobalSection
	GlobalSection(ExtensibilityGlobals) = postSolution
		SolutionGuid = {58ED2348-D7A7-414F-BF9F-4912305D3AFB}
	EndGlobalSection
EndGlobal
