
Microsoft Visual Studio Solution File, Format Version 12.00
# Visual Studio 15
VisualStudioVersion = 15.0.27130.2010
MinimumVisualStudioVersion = 10.0.40219.1
Project("{FAE04EC0-301F-11D3-BF4B-00C04F79EFBC}") = "TLS3", "TLS3\TLS3.csproj", "{029DFC4C-B7C9-47DE-85D4-B026BCC09C94}"
EndProject
Global
	GlobalSection(SolutionConfigurationPlatforms) = preSolution
		Debug|Any CPU = Debug|Any CPU
		Release|Any CPU = Release|Any CPU
	EndGlobalSection
	GlobalSection(ProjectConfigurationPlatforms) = postSolution
		{029DFC4C-B7C9-47DE-85D4-B026BCC09C94}.Debug|Any CPU.ActiveCfg = Debug|Any CPU
		{029DFC4C-B7C9-47DE-85D4-B026BCC09C94}.Debug|Any CPU.Build.0 = Debug|Any CPU
		{029DFC4C-B7C9-47DE-85D4-B026BCC09C94}.Release|Any CPU.ActiveCfg = Release|Any CPU
		{029DFC4C-B7C9-47DE-85D4-B026BCC09C94}.Release|Any CPU.Build.0 = Release|Any CPU
	EndGlobalSection
	GlobalSection(SolutionProperties) = preSolution
		HideSolutionNode = FALSE
	EndGlobalSection
	GlobalSection(ExtensibilityGlobals) = postSolution
		SolutionGuid = {2E61B79E-5F81-48D7-9826-A3AA25437C2C}
	EndGlobalSection
EndGlobal
