
Microsoft Visual Studio Solution File, Format Version 12.00
# Visual Studio 15
VisualStudioVersion = 15.0.27130.2010
MinimumVisualStudioVersion = 10.0.40219.1
Project("{FAE04EC0-301F-11D3-BF4B-00C04F79EFBC}") = "Parallel1", "Parallel1\Parallel1.csproj", "{79A0C002-CAF7-4255-8611-1007FC1EFAAE}"
EndProject
Global
	GlobalSection(SolutionConfigurationPlatforms) = preSolution
		Debug|Any CPU = Debug|Any CPU
		Release|Any CPU = Release|Any CPU
	EndGlobalSection
	GlobalSection(ProjectConfigurationPlatforms) = postSolution
		{79A0C002-CAF7-4255-8611-1007FC1EFAAE}.Debug|Any CPU.ActiveCfg = Debug|Any CPU
		{79A0C002-CAF7-4255-8611-1007FC1EFAAE}.Debug|Any CPU.Build.0 = Debug|Any CPU
		{79A0C002-CAF7-4255-8611-1007FC1EFAAE}.Release|Any CPU.ActiveCfg = Release|Any CPU
		{79A0C002-CAF7-4255-8611-1007FC1EFAAE}.Release|Any CPU.Build.0 = Release|Any CPU
	EndGlobalSection
	GlobalSection(SolutionProperties) = preSolution
		HideSolutionNode = FALSE
	EndGlobalSection
	GlobalSection(ExtensibilityGlobals) = postSolution
		SolutionGuid = {6EE4B892-3765-4968-88E6-D1DE6A68A5F1}
	EndGlobalSection
EndGlobal
