
Microsoft Visual Studio Solution File, Format Version 12.00
# Visual Studio 15
VisualStudioVersion = 15.0.27130.2010
MinimumVisualStudioVersion = 10.0.40219.1
Project("{FAE04EC0-301F-11D3-BF4B-00C04F79EFBC}") = "ThreadAsyncCancellationToken", "ThreadAsyncCancellationToken\ThreadAsyncCancellationToken.csproj", "{791A528D-5E01-414B-A464-03E209D80895}"
EndProject
Global
	GlobalSection(SolutionConfigurationPlatforms) = preSolution
		Debug|Any CPU = Debug|Any CPU
		Release|Any CPU = Release|Any CPU
	EndGlobalSection
	GlobalSection(ProjectConfigurationPlatforms) = postSolution
		{791A528D-5E01-414B-A464-03E209D80895}.Debug|Any CPU.ActiveCfg = Debug|Any CPU
		{791A528D-5E01-414B-A464-03E209D80895}.Debug|Any CPU.Build.0 = Debug|Any CPU
		{791A528D-5E01-414B-A464-03E209D80895}.Release|Any CPU.ActiveCfg = Release|Any CPU
		{791A528D-5E01-414B-A464-03E209D80895}.Release|Any CPU.Build.0 = Release|Any CPU
	EndGlobalSection
	GlobalSection(SolutionProperties) = preSolution
		HideSolutionNode = FALSE
	EndGlobalSection
	GlobalSection(ExtensibilityGlobals) = postSolution
		SolutionGuid = {85ED7F6C-70AA-4D26-85B8-FDC516AB097E}
	EndGlobalSection
EndGlobal
