
Microsoft Visual Studio Solution File, Format Version 12.00
# Visual Studio 15
VisualStudioVersion = 15.0.27130.2010
MinimumVisualStudioVersion = 10.0.40219.1
Project("{FAE04EC0-301F-11D3-BF4B-00C04F79EFBC}") = "SimpleFactory", "SimpleFactory\SimpleFactory.csproj", "{1A2BED3C-E19D-4F6A-9EB6-FEA4091907B6}"
EndProject
Global
	GlobalSection(SolutionConfigurationPlatforms) = preSolution
		Debug|Any CPU = Debug|Any CPU
		Release|Any CPU = Release|Any CPU
	EndGlobalSection
	GlobalSection(ProjectConfigurationPlatforms) = postSolution
		{1A2BED3C-E19D-4F6A-9EB6-FEA4091907B6}.Debug|Any CPU.ActiveCfg = Debug|Any CPU
		{1A2BED3C-E19D-4F6A-9EB6-FEA4091907B6}.Debug|Any CPU.Build.0 = Debug|Any CPU
		{1A2BED3C-E19D-4F6A-9EB6-FEA4091907B6}.Release|Any CPU.ActiveCfg = Release|Any CPU
		{1A2BED3C-E19D-4F6A-9EB6-FEA4091907B6}.Release|Any CPU.Build.0 = Release|Any CPU
	EndGlobalSection
	GlobalSection(SolutionProperties) = preSolution
		HideSolutionNode = FALSE
	EndGlobalSection
	GlobalSection(ExtensibilityGlobals) = postSolution
		SolutionGuid = {3C2AD234-15CA-4F5C-9FA6-58171286275D}
	EndGlobalSection
EndGlobal
