
Microsoft Visual Studio Solution File, Format Version 12.00
# Visual Studio 15
VisualStudioVersion = 15.0.27130.2010
MinimumVisualStudioVersion = 10.0.40219.1
Project("{FAE04EC0-301F-11D3-BF4B-00C04F79EFBC}") = "MethodTableWithInterface", "MethodTableWithInterface\MethodTableWithInterface.csproj", "{774E6D7F-B5AD-4B45-930C-4CEDADFBF0BF}"
EndProject
Global
	GlobalSection(SolutionConfigurationPlatforms) = preSolution
		Debug|Any CPU = Debug|Any CPU
		Debug|x64 = Debug|x64
		Release|Any CPU = Release|Any CPU
		Release|x64 = Release|x64
	EndGlobalSection
	GlobalSection(ProjectConfigurationPlatforms) = postSolution
		{774E6D7F-B5AD-4B45-930C-4CEDADFBF0BF}.Debug|Any CPU.ActiveCfg = Debug|Any CPU
		{774E6D7F-B5AD-4B45-930C-4CEDADFBF0BF}.Debug|Any CPU.Build.0 = Debug|Any CPU
		{774E6D7F-B5AD-4B45-930C-4CEDADFBF0BF}.Debug|x64.ActiveCfg = Debug|x64
		{774E6D7F-B5AD-4B45-930C-4CEDADFBF0BF}.Debug|x64.Build.0 = Debug|x64
		{774E6D7F-B5AD-4B45-930C-4CEDADFBF0BF}.Release|Any CPU.ActiveCfg = Release|Any CPU
		{774E6D7F-B5AD-4B45-930C-4CEDADFBF0BF}.Release|Any CPU.Build.0 = Release|Any CPU
		{774E6D7F-B5AD-4B45-930C-4CEDADFBF0BF}.Release|x64.ActiveCfg = Release|x64
		{774E6D7F-B5AD-4B45-930C-4CEDADFBF0BF}.Release|x64.Build.0 = Release|x64
	EndGlobalSection
	GlobalSection(SolutionProperties) = preSolution
		HideSolutionNode = FALSE
	EndGlobalSection
	GlobalSection(ExtensibilityGlobals) = postSolution
		SolutionGuid = {1AEE96AD-EE62-493F-B1F2-079C6D596AB0}
	EndGlobalSection
EndGlobal
