
Microsoft Visual Studio Solution File, Format Version 12.00
# Visual Studio 15
VisualStudioVersion = 15.0.27130.2010
MinimumVisualStudioVersion = 10.0.40219.1
Project("{FAE04EC0-301F-11D3-BF4B-00C04F79EFBC}") = "ThreadLab", "ThreadLab\ThreadLab.csproj", "{41F6D895-CE6C-4490-803C-86AFC556CB80}"
EndProject
Global
	GlobalSection(SolutionConfigurationPlatforms) = preSolution
		Debug|Any CPU = Debug|Any CPU
		Release|Any CPU = Release|Any CPU
	EndGlobalSection
	GlobalSection(ProjectConfigurationPlatforms) = postSolution
		{41F6D895-CE6C-4490-803C-86AFC556CB80}.Debug|Any CPU.ActiveCfg = Debug|Any CPU
		{41F6D895-CE6C-4490-803C-86AFC556CB80}.Debug|Any CPU.Build.0 = Debug|Any CPU
		{41F6D895-CE6C-4490-803C-86AFC556CB80}.Release|Any CPU.ActiveCfg = Release|Any CPU
		{41F6D895-CE6C-4490-803C-86AFC556CB80}.Release|Any CPU.Build.0 = Release|Any CPU
	EndGlobalSection
	GlobalSection(SolutionProperties) = preSolution
		HideSolutionNode = FALSE
	EndGlobalSection
	GlobalSection(ExtensibilityGlobals) = postSolution
		SolutionGuid = {6E334D96-3740-49DF-9590-6B881DE0D015}
	EndGlobalSection
EndGlobal
